
Microsoft Visual Studio Solution File, Format Version 12.00
# Visual Studio Version 16
VisualStudioVersion = 16.0.31424.327
MinimumVisualStudioVersion = 10.0.40219.1
Project("{FAE04EC0-301F-11D3-BF4B-00C04F79EFBC}") = "RadialMenuDemo", "RadialMenuDemo\RadialMenuDemo.csproj", "{45EEBB27-5D54-4E67-9A6A-E15339EFF2F6}"
EndProject
Project("{FAE04EC0-301F-11D3-BF4B-00C04F79EFBC}") = "RadialMenu", "RadialMenu\RadialMenu.csproj", "{9D959B4C-A428-4EA7-9197-BE04B37BF256}"
EndProject
Project("{9A19103F-16F7-4668-BE54-9A1E7A4F7556}") = "RadialMenu.NetCore", "RadialMenu.NetCore\RadialMenu.NetCore.csproj", "{D34ACEE8-E37D-4596-93AB-2212F6493951}"
EndProject
Project("{FAE04EC0-301F-11D3-BF4B-00C04F79EFBC}") = "RadialMenuDemo.NetCore", "RadialMenuDemo.NetCore\RadialMenuDemo.NetCore.csproj", "{58E8D96E-366E-46E8-AFC7-910C42ED7EE8}"
EndProject
Global
	GlobalSection(SolutionConfigurationPlatforms) = preSolution
		Debug|Any CPU = Debug|Any CPU
		Release|Any CPU = Release|Any CPU
	EndGlobalSection
	GlobalSection(ProjectConfigurationPlatforms) = postSolution
		{45EEBB27-5D54-4E67-9A6A-E15339EFF2F6}.Debug|Any CPU.ActiveCfg = Debug|Any CPU
		{45EEBB27-5D54-4E67-9A6A-E15339EFF2F6}.Debug|Any CPU.Build.0 = Debug|Any CPU
		{45EEBB27-5D54-4E67-9A6A-E15339EFF2F6}.Release|Any CPU.ActiveCfg = Release|Any CPU
		{45EEBB27-5D54-4E67-9A6A-E15339EFF2F6}.Release|Any CPU.Build.0 = Release|Any CPU
		{9D959B4C-A428-4EA7-9197-BE04B37BF256}.Debug|Any CPU.ActiveCfg = Debug|Any CPU
		{9D959B4C-A428-4EA7-9197-BE04B37BF256}.Debug|Any CPU.Build.0 = Debug|Any CPU
		{9D959B4C-A428-4EA7-9197-BE04B37BF256}.Release|Any CPU.ActiveCfg = Release|Any CPU
		{9D959B4C-A428-4EA7-9197-BE04B37BF256}.Release|Any CPU.Build.0 = Release|Any CPU
		{D34ACEE8-E37D-4596-93AB-2212F6493951}.Debug|Any CPU.ActiveCfg = Debug|Any CPU
		{D34ACEE8-E37D-4596-93AB-2212F6493951}.Debug|Any CPU.Build.0 = Debug|Any CPU
		{D34ACEE8-E37D-4596-93AB-2212F6493951}.Release|Any CPU.ActiveCfg = Release|Any CPU
		{D34ACEE8-E37D-4596-93AB-2212F6493951}.Release|Any CPU.Build.0 = Release|Any CPU
		{58E8D96E-366E-46E8-AFC7-910C42ED7EE8}.Debug|Any CPU.ActiveCfg = Debug|Any CPU
		{58E8D96E-366E-46E8-AFC7-910C42ED7EE8}.Debug|Any CPU.Build.0 = Debug|Any CPU
		{58E8D96E-366E-46E8-AFC7-910C42ED7EE8}.Release|Any CPU.ActiveCfg = Release|Any CPU
		{58E8D96E-366E-46E8-AFC7-910C42ED7EE8}.Release|Any CPU.Build.0 = Release|Any CPU
	EndGlobalSection
	GlobalSection(SolutionProperties) = preSolution
		HideSolutionNode = FALSE
	EndGlobalSection
	GlobalSection(ExtensibilityGlobals) = postSolution
		SolutionGuid = {037D4263-3EDB-4716-BE71-EEF0E5AAF921}
	EndGlobalSection
EndGlobal
